
Microsoft Visual Studio Solution File, Format Version 12.00
Project("{FAE04EC0-301F-11D3-BF4B-00C04F79EFBC}") = "Application", "src\Application\Application.csproj", "{DCB66091-9182-4A52-B46C-52A01235D57C}"
EndProject
Project("{2150E333-8FDC-42A3-9474-1A3956D46DE8}") = "src", "src", "{85AF2EA6-1DB8-4A23-85A5-5E46FE9DAB65}"
EndProject
Project("{FAE04EC0-301F-11D3-BF4B-00C04F79EFBC}") = "Domain", "src\Domain\Domain.csproj", "{776DD510-529A-4C5F-8F33-F87E673D7EBC}"
EndProject
Project("{FAE04EC0-301F-11D3-BF4B-00C04F79EFBC}") = "Infrastructure", "src\Infrastructure\Infrastructure.csproj", "{0ED76B2E-921D-44F0-BD10-A3F91BFE2A7C}"
EndProject
Project("{FAE04EC0-301F-11D3-BF4B-00C04F79EFBC}") = "UI", "src\UI\UI.csproj", "{BD1771ED-F570-47B7-AEB2-D732B58040E6}"
EndProject
Project("{2150E333-8FDC-42A3-9474-1A3956D46DE8}") = "tests", "tests", "{7CFD7FB1-68C4-4D64-B3A0-C11E8D37CF2A}"
EndProject
Project("{FAE04EC0-301F-11D3-BF4B-00C04F79EFBC}") = "Application", "tests\Application\Application.csproj", "{F92B2067-4A94-4150-863D-F8B87C04CF38}"
EndProject
Project("{FAE04EC0-301F-11D3-BF4B-00C04F79EFBC}") = "Domain", "tests\Domain\Domain.csproj", "{6688D338-CA45-4ADB-B114-C161CB3C641D}"
EndProject
Project("{FAE04EC0-301F-11D3-BF4B-00C04F79EFBC}") = "Infrastructure", "tests\Infrastructure\Infrastructure.csproj", "{7C0F113D-BEBA-4316-BE1F-A2B9F24B02F6}"
EndProject
Project("{FAE04EC0-301F-11D3-BF4B-00C04F79EFBC}") = "Architecture", "tests\Architecture\Architecture.csproj", "{E06B946E-5E34-4307-8B8B-143D019D1FEA}"
EndProject
Global
	GlobalSection(SolutionConfigurationPlatforms) = preSolution
		Debug|Any CPU = Debug|Any CPU
		Release|Any CPU = Release|Any CPU
	EndGlobalSection
	GlobalSection(ProjectConfigurationPlatforms) = postSolution
		{DCB66091-9182-4A52-B46C-52A01235D57C}.Debug|Any CPU.ActiveCfg = Debug|Any CPU
		{DCB66091-9182-4A52-B46C-52A01235D57C}.Debug|Any CPU.Build.0 = Debug|Any CPU
		{DCB66091-9182-4A52-B46C-52A01235D57C}.Release|Any CPU.ActiveCfg = Release|Any CPU
		{DCB66091-9182-4A52-B46C-52A01235D57C}.Release|Any CPU.Build.0 = Release|Any CPU
		{776DD510-529A-4C5F-8F33-F87E673D7EBC}.Debug|Any CPU.ActiveCfg = Debug|Any CPU
		{776DD510-529A-4C5F-8F33-F87E673D7EBC}.Debug|Any CPU.Build.0 = Debug|Any CPU
		{776DD510-529A-4C5F-8F33-F87E673D7EBC}.Release|Any CPU.ActiveCfg = Release|Any CPU
		{776DD510-529A-4C5F-8F33-F87E673D7EBC}.Release|Any CPU.Build.0 = Release|Any CPU
		{0ED76B2E-921D-44F0-BD10-A3F91BFE2A7C}.Debug|Any CPU.ActiveCfg = Debug|Any CPU
		{0ED76B2E-921D-44F0-BD10-A3F91BFE2A7C}.Debug|Any CPU.Build.0 = Debug|Any CPU
		{0ED76B2E-921D-44F0-BD10-A3F91BFE2A7C}.Release|Any CPU.ActiveCfg = Release|Any CPU
		{0ED76B2E-921D-44F0-BD10-A3F91BFE2A7C}.Release|Any CPU.Build.0 = Release|Any CPU
		{BD1771ED-F570-47B7-AEB2-D732B58040E6}.Debug|Any CPU.ActiveCfg = Debug|Any CPU
		{BD1771ED-F570-47B7-AEB2-D732B58040E6}.Debug|Any CPU.Build.0 = Debug|Any CPU
		{BD1771ED-F570-47B7-AEB2-D732B58040E6}.Release|Any CPU.ActiveCfg = Release|Any CPU
		{BD1771ED-F570-47B7-AEB2-D732B58040E6}.Release|Any CPU.Build.0 = Release|Any CPU
		{F92B2067-4A94-4150-863D-F8B87C04CF38}.Debug|Any CPU.ActiveCfg = Debug|Any CPU
		{F92B2067-4A94-4150-863D-F8B87C04CF38}.Debug|Any CPU.Build.0 = Debug|Any CPU
		{F92B2067-4A94-4150-863D-F8B87C04CF38}.Release|Any CPU.ActiveCfg = Release|Any CPU
		{F92B2067-4A94-4150-863D-F8B87C04CF38}.Release|Any CPU.Build.0 = Release|Any CPU
		{6688D338-CA45-4ADB-B114-C161CB3C641D}.Debug|Any CPU.ActiveCfg = Debug|Any CPU
		{6688D338-CA45-4ADB-B114-C161CB3C641D}.Debug|Any CPU.Build.0 = Debug|Any CPU
		{6688D338-CA45-4ADB-B114-C161CB3C641D}.Release|Any CPU.ActiveCfg = Release|Any CPU
		{6688D338-CA45-4ADB-B114-C161CB3C641D}.Release|Any CPU.Build.0 = Release|Any CPU
		{7C0F113D-BEBA-4316-BE1F-A2B9F24B02F6}.Debug|Any CPU.ActiveCfg = Debug|Any CPU
		{7C0F113D-BEBA-4316-BE1F-A2B9F24B02F6}.Debug|Any CPU.Build.0 = Debug|Any CPU
		{7C0F113D-BEBA-4316-BE1F-A2B9F24B02F6}.Release|Any CPU.ActiveCfg = Release|Any CPU
		{7C0F113D-BEBA-4316-BE1F-A2B9F24B02F6}.Release|Any CPU.Build.0 = Release|Any CPU
		{E06B946E-5E34-4307-8B8B-143D019D1FEA}.Debug|Any CPU.ActiveCfg = Debug|Any CPU
		{E06B946E-5E34-4307-8B8B-143D019D1FEA}.Debug|Any CPU.Build.0 = Debug|Any CPU
		{E06B946E-5E34-4307-8B8B-143D019D1FEA}.Release|Any CPU.ActiveCfg = Release|Any CPU
		{E06B946E-5E34-4307-8B8B-143D019D1FEA}.Release|Any CPU.Build.0 = Release|Any CPU
	EndGlobalSection
	GlobalSection(NestedProjects) = preSolution
		{DCB66091-9182-4A52-B46C-52A01235D57C} = {85AF2EA6-1DB8-4A23-85A5-5E46FE9DAB65}
		{776DD510-529A-4C5F-8F33-F87E673D7EBC} = {85AF2EA6-1DB8-4A23-85A5-5E46FE9DAB65}
		{0ED76B2E-921D-44F0-BD10-A3F91BFE2A7C} = {85AF2EA6-1DB8-4A23-85A5-5E46FE9DAB65}
		{BD1771ED-F570-47B7-AEB2-D732B58040E6} = {85AF2EA6-1DB8-4A23-85A5-5E46FE9DAB65}
		{F92B2067-4A94-4150-863D-F8B87C04CF38} = {7CFD7FB1-68C4-4D64-B3A0-C11E8D37CF2A}
		{6688D338-CA45-4ADB-B114-C161CB3C641D} = {7CFD7FB1-68C4-4D64-B3A0-C11E8D37CF2A}
		{7C0F113D-BEBA-4316-BE1F-A2B9F24B02F6} = {7CFD7FB1-68C4-4D64-B3A0-C11E8D37CF2A}
		{E06B946E-5E34-4307-8B8B-143D019D1FEA} = {7CFD7FB1-68C4-4D64-B3A0-C11E8D37CF2A}
	EndGlobalSection
EndGlobal
